
Microsoft Visual Studio Solution File, Format Version 12.00
# Visual Studio 15
VisualStudioVersion = 15.0.28307.539
MinimumVisualStudioVersion = 10.0.40219.1
Project("{FAE04EC0-301F-11D3-BF4B-00C04F79EFBC}") = "ReadXMLFile", "ReadXMLFile\ReadXMLFile.csproj", "{B1C17788-60BE-4093-B9BE-88043D274029}"
EndProject
Global
	GlobalSection(SolutionConfigurationPlatforms) = preSolution
		Debug|Any CPU = Debug|Any CPU
		Release|Any CPU = Release|Any CPU
	EndGlobalSection
	GlobalSection(ProjectConfigurationPlatforms) = postSolution
		{B1C17788-60BE-4093-B9BE-88043D274029}.Debug|Any CPU.ActiveCfg = Debug|Any CPU
		{B1C17788-60BE-4093-B9BE-88043D274029}.Debug|Any CPU.Build.0 = Debug|Any CPU
		{B1C17788-60BE-4093-B9BE-88043D274029}.Release|Any CPU.ActiveCfg = Release|Any CPU
		{B1C17788-60BE-4093-B9BE-88043D274029}.Release|Any CPU.Build.0 = Release|Any CPU
	EndGlobalSection
	GlobalSection(SolutionProperties) = preSolution
		HideSolutionNode = FALSE
	EndGlobalSection
	GlobalSection(ExtensibilityGlobals) = postSolution
		SolutionGuid = {5B3ED485-B037-4403-81BC-A7C5BE4A29D1}
	EndGlobalSection
EndGlobal
